
Microsoft Visual Studio Solution File, Format Version 12.00
# Visual Studio Version 17
VisualStudioVersion = 17.4.33403.182
MinimumVisualStudioVersion = 10.0.40219.1
Project("{FAE04EC0-301F-11D3-BF4B-00C04F79EFBC}") = "PocOnAttribute", "PocOnAttribute.csproj", "{A9A751BF-5E38-4786-A326-E96AA21E2D39}"
EndProject
Global
	GlobalSection(SolutionConfigurationPlatforms) = preSolution
		Debug|Any CPU = Debug|Any CPU
		Release|Any CPU = Release|Any CPU
	EndGlobalSection
	GlobalSection(ProjectConfigurationPlatforms) = postSolution
		{A9A751BF-5E38-4786-A326-E96AA21E2D39}.Debug|Any CPU.ActiveCfg = Debug|Any CPU
		{A9A751BF-5E38-4786-A326-E96AA21E2D39}.Debug|Any CPU.Build.0 = Debug|Any CPU
		{A9A751BF-5E38-4786-A326-E96AA21E2D39}.Release|Any CPU.ActiveCfg = Release|Any CPU
		{A9A751BF-5E38-4786-A326-E96AA21E2D39}.Release|Any CPU.Build.0 = Release|Any CPU
	EndGlobalSection
	GlobalSection(SolutionProperties) = preSolution
		HideSolutionNode = FALSE
	EndGlobalSection
	GlobalSection(ExtensibilityGlobals) = postSolution
		SolutionGuid = {A12E8DB5-9316-48D7-BA0A-711C5D613ABD}
	EndGlobalSection
EndGlobal
