
Microsoft Visual Studio Solution File, Format Version 12.00
# Visual Studio Version 17
VisualStudioVersion = 17.4.33403.182
MinimumVisualStudioVersion = 10.0.40219.1
Project("{FAE04EC0-301F-11D3-BF4B-00C04F79EFBC}") = "AccountConsoleApp", "AccountConsoleApp\AccountConsoleApp.csproj", "{0E7B1305-C316-4394-B696-65E553F3FF15}"
EndProject
Project("{FAE04EC0-301F-11D3-BF4B-00C04F79EFBC}") = "AccountClassLib", "AccountClassLib\AccountClassLib.csproj", "{B6F6D610-BCB1-4A23-862D-BB9BABDA6097}"
EndProject
Global
	GlobalSection(SolutionConfigurationPlatforms) = preSolution
		Debug|Any CPU = Debug|Any CPU
		Release|Any CPU = Release|Any CPU
	EndGlobalSection
	GlobalSection(ProjectConfigurationPlatforms) = postSolution
		{0E7B1305-C316-4394-B696-65E553F3FF15}.Debug|Any CPU.ActiveCfg = Debug|Any CPU
		{0E7B1305-C316-4394-B696-65E553F3FF15}.Debug|Any CPU.Build.0 = Debug|Any CPU
		{0E7B1305-C316-4394-B696-65E553F3FF15}.Release|Any CPU.ActiveCfg = Release|Any CPU
		{0E7B1305-C316-4394-B696-65E553F3FF15}.Release|Any CPU.Build.0 = Release|Any CPU
		{B6F6D610-BCB1-4A23-862D-BB9BABDA6097}.Debug|Any CPU.ActiveCfg = Debug|Any CPU
		{B6F6D610-BCB1-4A23-862D-BB9BABDA6097}.Debug|Any CPU.Build.0 = Debug|Any CPU
		{B6F6D610-BCB1-4A23-862D-BB9BABDA6097}.Release|Any CPU.ActiveCfg = Release|Any CPU
		{B6F6D610-BCB1-4A23-862D-BB9BABDA6097}.Release|Any CPU.Build.0 = Release|Any CPU
	EndGlobalSection
	GlobalSection(SolutionProperties) = preSolution
		HideSolutionNode = FALSE
	EndGlobalSection
	GlobalSection(ExtensibilityGlobals) = postSolution
		SolutionGuid = {A98E6F95-E2A7-477B-981D-AA4E540F103A}
	EndGlobalSection
EndGlobal
