
Microsoft Visual Studio Solution File, Format Version 12.00
# Visual Studio Version 17
VisualStudioVersion = 17.4.33403.182
MinimumVisualStudioVersion = 10.0.40219.1
Project("{FAE04EC0-301F-11D3-BF4B-00C04F79EFBC}") = "BoxingApp", "BoxingApp\BoxingApp.csproj", "{F37253B1-D950-4878-B47C-D47BAECD6CC1}"
EndProject
Global
	GlobalSection(SolutionConfigurationPlatforms) = preSolution
		Debug|Any CPU = Debug|Any CPU
		Release|Any CPU = Release|Any CPU
	EndGlobalSection
	GlobalSection(ProjectConfigurationPlatforms) = postSolution
		{F37253B1-D950-4878-B47C-D47BAECD6CC1}.Debug|Any CPU.ActiveCfg = Debug|Any CPU
		{F37253B1-D950-4878-B47C-D47BAECD6CC1}.Debug|Any CPU.Build.0 = Debug|Any CPU
		{F37253B1-D950-4878-B47C-D47BAECD6CC1}.Release|Any CPU.ActiveCfg = Release|Any CPU
		{F37253B1-D950-4878-B47C-D47BAECD6CC1}.Release|Any CPU.Build.0 = Release|Any CPU
	EndGlobalSection
	GlobalSection(SolutionProperties) = preSolution
		HideSolutionNode = FALSE
	EndGlobalSection
	GlobalSection(ExtensibilityGlobals) = postSolution
		SolutionGuid = {A8BD96B6-E939-422F-A5A8-07ECB5C31AC9}
	EndGlobalSection
EndGlobal
