
Microsoft Visual Studio Solution File, Format Version 12.00
# Visual Studio Version 17
VisualStudioVersion = 17.4.33403.182
MinimumVisualStudioVersion = 10.0.40219.1
Project("{FAE04EC0-301F-11D3-BF4B-00C04F79EFBC}") = "RoleDiceApp", "RoleDiceApp.csproj", "{71BBE018-28DE-40AE-9540-790BD25CF4F8}"
EndProject
Global
	GlobalSection(SolutionConfigurationPlatforms) = preSolution
		Debug|Any CPU = Debug|Any CPU
		Release|Any CPU = Release|Any CPU
	EndGlobalSection
	GlobalSection(ProjectConfigurationPlatforms) = postSolution
		{71BBE018-28DE-40AE-9540-790BD25CF4F8}.Debug|Any CPU.ActiveCfg = Debug|Any CPU
		{71BBE018-28DE-40AE-9540-790BD25CF4F8}.Debug|Any CPU.Build.0 = Debug|Any CPU
		{71BBE018-28DE-40AE-9540-790BD25CF4F8}.Release|Any CPU.ActiveCfg = Release|Any CPU
		{71BBE018-28DE-40AE-9540-790BD25CF4F8}.Release|Any CPU.Build.0 = Release|Any CPU
	EndGlobalSection
	GlobalSection(SolutionProperties) = preSolution
		HideSolutionNode = FALSE
	EndGlobalSection
	GlobalSection(ExtensibilityGlobals) = postSolution
		SolutionGuid = {A3C5CF7F-CF39-49E5-9FD7-33D9896DD578}
	EndGlobalSection
EndGlobal
