
Microsoft Visual Studio Solution File, Format Version 12.00
# Visual Studio Version 17
VisualStudioVersion = 17.4.33403.182
MinimumVisualStudioVersion = 10.0.40219.1
Project("{FAE04EC0-301F-11D3-BF4B-00C04F79EFBC}") = "GenericDicitonaryApp", "GenericDicitonaryApp.csproj", "{4AF22980-5D8B-44CD-85DB-2D76E8950451}"
EndProject
Global
	GlobalSection(SolutionConfigurationPlatforms) = preSolution
		Debug|Any CPU = Debug|Any CPU
		Release|Any CPU = Release|Any CPU
	EndGlobalSection
	GlobalSection(ProjectConfigurationPlatforms) = postSolution
		{4AF22980-5D8B-44CD-85DB-2D76E8950451}.Debug|Any CPU.ActiveCfg = Debug|Any CPU
		{4AF22980-5D8B-44CD-85DB-2D76E8950451}.Debug|Any CPU.Build.0 = Debug|Any CPU
		{4AF22980-5D8B-44CD-85DB-2D76E8950451}.Release|Any CPU.ActiveCfg = Release|Any CPU
		{4AF22980-5D8B-44CD-85DB-2D76E8950451}.Release|Any CPU.Build.0 = Release|Any CPU
	EndGlobalSection
	GlobalSection(SolutionProperties) = preSolution
		HideSolutionNode = FALSE
	EndGlobalSection
	GlobalSection(ExtensibilityGlobals) = postSolution
		SolutionGuid = {A772C10C-593E-4A24-9434-F77FD0F56E0E}
	EndGlobalSection
EndGlobal
