
Microsoft Visual Studio Solution File, Format Version 12.00
# Visual Studio Version 17
VisualStudioVersion = 17.4.33403.182
MinimumVisualStudioVersion = 10.0.40219.1
Project("{FAE04EC0-301F-11D3-BF4B-00C04F79EFBC}") = "PersonInheritenceApp", "PersonInheritenceApp\PersonInheritenceApp.csproj", "{7F5D0807-254E-4234-89D9-E5F1F17B242D}"
EndProject
Global
	GlobalSection(SolutionConfigurationPlatforms) = preSolution
		Debug|Any CPU = Debug|Any CPU
		Release|Any CPU = Release|Any CPU
	EndGlobalSection
	GlobalSection(ProjectConfigurationPlatforms) = postSolution
		{7F5D0807-254E-4234-89D9-E5F1F17B242D}.Debug|Any CPU.ActiveCfg = Debug|Any CPU
		{7F5D0807-254E-4234-89D9-E5F1F17B242D}.Debug|Any CPU.Build.0 = Debug|Any CPU
		{7F5D0807-254E-4234-89D9-E5F1F17B242D}.Release|Any CPU.ActiveCfg = Release|Any CPU
		{7F5D0807-254E-4234-89D9-E5F1F17B242D}.Release|Any CPU.Build.0 = Release|Any CPU
	EndGlobalSection
	GlobalSection(SolutionProperties) = preSolution
		HideSolutionNode = FALSE
	EndGlobalSection
	GlobalSection(ExtensibilityGlobals) = postSolution
		SolutionGuid = {6CD34F93-FD24-4024-9802-D7BF9430805E}
	EndGlobalSection
EndGlobal
