
Microsoft Visual Studio Solution File, Format Version 12.00
# Visual Studio Version 17
VisualStudioVersion = 17.4.33403.182
MinimumVisualStudioVersion = 10.0.40219.1
Project("{FAE04EC0-301F-11D3-BF4B-00C04F79EFBC}") = "StructAndClass", "StructAndClass\StructAndClass.csproj", "{BAD8482A-288C-4EBA-8CDC-BC89548F1DA7}"
EndProject
Global
	GlobalSection(SolutionConfigurationPlatforms) = preSolution
		Debug|Any CPU = Debug|Any CPU
		Release|Any CPU = Release|Any CPU
	EndGlobalSection
	GlobalSection(ProjectConfigurationPlatforms) = postSolution
		{BAD8482A-288C-4EBA-8CDC-BC89548F1DA7}.Debug|Any CPU.ActiveCfg = Debug|Any CPU
		{BAD8482A-288C-4EBA-8CDC-BC89548F1DA7}.Debug|Any CPU.Build.0 = Debug|Any CPU
		{BAD8482A-288C-4EBA-8CDC-BC89548F1DA7}.Release|Any CPU.ActiveCfg = Release|Any CPU
		{BAD8482A-288C-4EBA-8CDC-BC89548F1DA7}.Release|Any CPU.Build.0 = Release|Any CPU
	EndGlobalSection
	GlobalSection(SolutionProperties) = preSolution
		HideSolutionNode = FALSE
	EndGlobalSection
	GlobalSection(ExtensibilityGlobals) = postSolution
		SolutionGuid = {16D2542C-8B2E-40B8-B846-40C00A8D5D80}
	EndGlobalSection
EndGlobal
