
Microsoft Visual Studio Solution File, Format Version 12.00
# Visual Studio Version 17
VisualStudioVersion = 17.4.33403.182
MinimumVisualStudioVersion = 10.0.40219.1
Project("{FAE04EC0-301F-11D3-BF4B-00C04F79EFBC}") = "FactoryWithSingleton", "FactoryWithSingleton\FactoryWithSingleton.csproj", "{6C3C5A3A-F2CD-4453-94A1-EF21C3E9A90C}"
EndProject
Global
	GlobalSection(SolutionConfigurationPlatforms) = preSolution
		Debug|Any CPU = Debug|Any CPU
		Release|Any CPU = Release|Any CPU
	EndGlobalSection
	GlobalSection(ProjectConfigurationPlatforms) = postSolution
		{6C3C5A3A-F2CD-4453-94A1-EF21C3E9A90C}.Debug|Any CPU.ActiveCfg = Debug|Any CPU
		{6C3C5A3A-F2CD-4453-94A1-EF21C3E9A90C}.Debug|Any CPU.Build.0 = Debug|Any CPU
		{6C3C5A3A-F2CD-4453-94A1-EF21C3E9A90C}.Release|Any CPU.ActiveCfg = Release|Any CPU
		{6C3C5A3A-F2CD-4453-94A1-EF21C3E9A90C}.Release|Any CPU.Build.0 = Release|Any CPU
	EndGlobalSection
	GlobalSection(SolutionProperties) = preSolution
		HideSolutionNode = FALSE
	EndGlobalSection
	GlobalSection(ExtensibilityGlobals) = postSolution
		SolutionGuid = {C7C90A8C-CDB4-4EB4-AD26-75B34F3B3F33}
	EndGlobalSection
EndGlobal
