
Microsoft Visual Studio Solution File, Format Version 12.00
# Visual Studio Version 17
VisualStudioVersion = 17.4.33403.182
MinimumVisualStudioVersion = 10.0.40219.1
Project("{FAE04EC0-301F-11D3-BF4B-00C04F79EFBC}") = "PocOnDelegate", "PocOnDelegate\PocOnDelegate.csproj", "{BED3C497-1A19-443C-8D84-D1DB68F155D9}"
EndProject
Global
	GlobalSection(SolutionConfigurationPlatforms) = preSolution
		Debug|Any CPU = Debug|Any CPU
		Release|Any CPU = Release|Any CPU
	EndGlobalSection
	GlobalSection(ProjectConfigurationPlatforms) = postSolution
		{BED3C497-1A19-443C-8D84-D1DB68F155D9}.Debug|Any CPU.ActiveCfg = Debug|Any CPU
		{BED3C497-1A19-443C-8D84-D1DB68F155D9}.Debug|Any CPU.Build.0 = Debug|Any CPU
		{BED3C497-1A19-443C-8D84-D1DB68F155D9}.Release|Any CPU.ActiveCfg = Release|Any CPU
		{BED3C497-1A19-443C-8D84-D1DB68F155D9}.Release|Any CPU.Build.0 = Release|Any CPU
	EndGlobalSection
	GlobalSection(SolutionProperties) = preSolution
		HideSolutionNode = FALSE
	EndGlobalSection
	GlobalSection(ExtensibilityGlobals) = postSolution
		SolutionGuid = {32E989E0-0A08-4299-9A68-6693EE6FD4E2}
	EndGlobalSection
EndGlobal
