
Microsoft Visual Studio Solution File, Format Version 12.00
# Visual Studio Version 17
VisualStudioVersion = 17.4.33403.182
MinimumVisualStudioVersion = 10.0.40219.1
Project("{FAE04EC0-301F-11D3-BF4B-00C04F79EFBC}") = "MovieBusinessLayerApp", "MovieBusinessLayerApp.csproj", "{87F7B12F-F29A-46F7-A748-A2CBAE84D12B}"
EndProject
Global
	GlobalSection(SolutionConfigurationPlatforms) = preSolution
		Debug|Any CPU = Debug|Any CPU
		Release|Any CPU = Release|Any CPU
	EndGlobalSection
	GlobalSection(ProjectConfigurationPlatforms) = postSolution
		{87F7B12F-F29A-46F7-A748-A2CBAE84D12B}.Debug|Any CPU.ActiveCfg = Debug|Any CPU
		{87F7B12F-F29A-46F7-A748-A2CBAE84D12B}.Debug|Any CPU.Build.0 = Debug|Any CPU
		{87F7B12F-F29A-46F7-A748-A2CBAE84D12B}.Release|Any CPU.ActiveCfg = Release|Any CPU
		{87F7B12F-F29A-46F7-A748-A2CBAE84D12B}.Release|Any CPU.Build.0 = Release|Any CPU
	EndGlobalSection
	GlobalSection(SolutionProperties) = preSolution
		HideSolutionNode = FALSE
	EndGlobalSection
	GlobalSection(ExtensibilityGlobals) = postSolution
		SolutionGuid = {44446161-B5BC-481F-A54A-1D0F99B1385C}
	EndGlobalSection
EndGlobal
