
Microsoft Visual Studio Solution File, Format Version 12.00
# Visual Studio Version 17
VisualStudioVersion = 17.4.33403.182
MinimumVisualStudioVersion = 10.0.40219.1
Project("{FAE04EC0-301F-11D3-BF4B-00C04F79EFBC}") = "PocOnEvents", "PocOnEvents\PocOnEvents.csproj", "{758B795B-2B84-4446-8116-5B3D3FCF9DDC}"
EndProject
Global
	GlobalSection(SolutionConfigurationPlatforms) = preSolution
		Debug|Any CPU = Debug|Any CPU
		Release|Any CPU = Release|Any CPU
	EndGlobalSection
	GlobalSection(ProjectConfigurationPlatforms) = postSolution
		{758B795B-2B84-4446-8116-5B3D3FCF9DDC}.Debug|Any CPU.ActiveCfg = Debug|Any CPU
		{758B795B-2B84-4446-8116-5B3D3FCF9DDC}.Debug|Any CPU.Build.0 = Debug|Any CPU
		{758B795B-2B84-4446-8116-5B3D3FCF9DDC}.Release|Any CPU.ActiveCfg = Release|Any CPU
		{758B795B-2B84-4446-8116-5B3D3FCF9DDC}.Release|Any CPU.Build.0 = Release|Any CPU
	EndGlobalSection
	GlobalSection(SolutionProperties) = preSolution
		HideSolutionNode = FALSE
	EndGlobalSection
	GlobalSection(ExtensibilityGlobals) = postSolution
		SolutionGuid = {735F6B5D-14A1-4CCF-96DF-626654BA467E}
	EndGlobalSection
EndGlobal
