
Microsoft Visual Studio Solution File, Format Version 12.00
# Visual Studio Version 17
VisualStudioVersion = 17.4.33403.182
MinimumVisualStudioVersion = 10.0.40219.1
Project("{FAE04EC0-301F-11D3-BF4B-00C04F79EFBC}") = "ClassLibarayPoc", "ClassLibarayPoc\ClassLibarayPoc.csproj", "{8E7588C1-7F98-44BC-8BA0-BA585DAC830E}"
EndProject
Project("{FAE04EC0-301F-11D3-BF4B-00C04F79EFBC}") = "LibraryApp", "LibraryApp\LibraryApp.csproj", "{C08CF688-F45A-4A8F-A33E-2A713E123539}"
EndProject
Global
	GlobalSection(SolutionConfigurationPlatforms) = preSolution
		Debug|Any CPU = Debug|Any CPU
		Release|Any CPU = Release|Any CPU
	EndGlobalSection
	GlobalSection(ProjectConfigurationPlatforms) = postSolution
		{8E7588C1-7F98-44BC-8BA0-BA585DAC830E}.Debug|Any CPU.ActiveCfg = Debug|Any CPU
		{8E7588C1-7F98-44BC-8BA0-BA585DAC830E}.Debug|Any CPU.Build.0 = Debug|Any CPU
		{8E7588C1-7F98-44BC-8BA0-BA585DAC830E}.Release|Any CPU.ActiveCfg = Release|Any CPU
		{8E7588C1-7F98-44BC-8BA0-BA585DAC830E}.Release|Any CPU.Build.0 = Release|Any CPU
		{C08CF688-F45A-4A8F-A33E-2A713E123539}.Debug|Any CPU.ActiveCfg = Debug|Any CPU
		{C08CF688-F45A-4A8F-A33E-2A713E123539}.Debug|Any CPU.Build.0 = Debug|Any CPU
		{C08CF688-F45A-4A8F-A33E-2A713E123539}.Release|Any CPU.ActiveCfg = Release|Any CPU
		{C08CF688-F45A-4A8F-A33E-2A713E123539}.Release|Any CPU.Build.0 = Release|Any CPU
	EndGlobalSection
	GlobalSection(SolutionProperties) = preSolution
		HideSolutionNode = FALSE
	EndGlobalSection
	GlobalSection(ExtensibilityGlobals) = postSolution
		SolutionGuid = {C664A1DC-072E-4FC6-9626-77864AF3D623}
	EndGlobalSection
EndGlobal
