
Microsoft Visual Studio Solution File, Format Version 12.00
# Visual Studio Version 17
VisualStudioVersion = 17.4.33403.182
MinimumVisualStudioVersion = 10.0.40219.1
Project("{FAE04EC0-301F-11D3-BF4B-00C04F79EFBC}") = "MathDelegateApp", "MathDelegateApp\MathDelegateApp.csproj", "{C933AC5A-E953-4B5D-82E1-98748B9F2B81}"
EndProject
Global
	GlobalSection(SolutionConfigurationPlatforms) = preSolution
		Debug|Any CPU = Debug|Any CPU
		Release|Any CPU = Release|Any CPU
	EndGlobalSection
	GlobalSection(ProjectConfigurationPlatforms) = postSolution
		{C933AC5A-E953-4B5D-82E1-98748B9F2B81}.Debug|Any CPU.ActiveCfg = Debug|Any CPU
		{C933AC5A-E953-4B5D-82E1-98748B9F2B81}.Debug|Any CPU.Build.0 = Debug|Any CPU
		{C933AC5A-E953-4B5D-82E1-98748B9F2B81}.Release|Any CPU.ActiveCfg = Release|Any CPU
		{C933AC5A-E953-4B5D-82E1-98748B9F2B81}.Release|Any CPU.Build.0 = Release|Any CPU
	EndGlobalSection
	GlobalSection(SolutionProperties) = preSolution
		HideSolutionNode = FALSE
	EndGlobalSection
	GlobalSection(ExtensibilityGlobals) = postSolution
		SolutionGuid = {53FA90A2-F073-464C-8C61-8B2BB3D47836}
	EndGlobalSection
EndGlobal
