
Microsoft Visual Studio Solution File, Format Version 12.00
# Visual Studio Version 17
VisualStudioVersion = 17.4.33403.182
MinimumVisualStudioVersion = 10.0.40219.1
Project("{FAE04EC0-301F-11D3-BF4B-00C04F79EFBC}") = "FileDirectoryInfoApp", "FileDirectoryInfoApp\FileDirectoryInfoApp.csproj", "{C702B7C9-17EC-40A0-8294-553121FB015A}"
EndProject
Global
	GlobalSection(SolutionConfigurationPlatforms) = preSolution
		Debug|Any CPU = Debug|Any CPU
		Release|Any CPU = Release|Any CPU
	EndGlobalSection
	GlobalSection(ProjectConfigurationPlatforms) = postSolution
		{C702B7C9-17EC-40A0-8294-553121FB015A}.Debug|Any CPU.ActiveCfg = Debug|Any CPU
		{C702B7C9-17EC-40A0-8294-553121FB015A}.Debug|Any CPU.Build.0 = Debug|Any CPU
		{C702B7C9-17EC-40A0-8294-553121FB015A}.Release|Any CPU.ActiveCfg = Release|Any CPU
		{C702B7C9-17EC-40A0-8294-553121FB015A}.Release|Any CPU.Build.0 = Release|Any CPU
	EndGlobalSection
	GlobalSection(SolutionProperties) = preSolution
		HideSolutionNode = FALSE
	EndGlobalSection
	GlobalSection(ExtensibilityGlobals) = postSolution
		SolutionGuid = {8B2EC9CE-FED8-4A10-A201-ADDFE74D6213}
	EndGlobalSection
EndGlobal
