
Microsoft Visual Studio Solution File, Format Version 12.00
# Visual Studio Version 17
VisualStudioVersion = 17.4.33403.182
MinimumVisualStudioVersion = 10.0.40219.1
Project("{FAE04EC0-301F-11D3-BF4B-00C04F79EFBC}") = "EmployeePloymorphismTestApp", "EmployeePloymorphismTestApp.csproj", "{CD6EEC3D-CF6C-43CB-8E86-06A4FCE83E69}"
EndProject
Global
	GlobalSection(SolutionConfigurationPlatforms) = preSolution
		Debug|Any CPU = Debug|Any CPU
		Release|Any CPU = Release|Any CPU
	EndGlobalSection
	GlobalSection(ProjectConfigurationPlatforms) = postSolution
		{CD6EEC3D-CF6C-43CB-8E86-06A4FCE83E69}.Debug|Any CPU.ActiveCfg = Debug|Any CPU
		{CD6EEC3D-CF6C-43CB-8E86-06A4FCE83E69}.Debug|Any CPU.Build.0 = Debug|Any CPU
		{CD6EEC3D-CF6C-43CB-8E86-06A4FCE83E69}.Release|Any CPU.ActiveCfg = Release|Any CPU
		{CD6EEC3D-CF6C-43CB-8E86-06A4FCE83E69}.Release|Any CPU.Build.0 = Release|Any CPU
	EndGlobalSection
	GlobalSection(SolutionProperties) = preSolution
		HideSolutionNode = FALSE
	EndGlobalSection
	GlobalSection(ExtensibilityGlobals) = postSolution
		SolutionGuid = {0FF830A1-64B6-4D95-A089-6C1E889569DD}
	EndGlobalSection
EndGlobal
