
Microsoft Visual Studio Solution File, Format Version 12.00
# Visual Studio Version 17
VisualStudioVersion = 17.4.33403.182
MinimumVisualStudioVersion = 10.0.40219.1
Project("{FAE04EC0-301F-11D3-BF4B-00C04F79EFBC}") = "PigDiceGameObjectCalisthenicApp", "PigDiceGameObjectCalisthenicApp\PigDiceGameObjectCalisthenicApp.csproj", "{8F32BB65-C293-423A-B4AB-38C72CE884A4}"
EndProject
Global
	GlobalSection(SolutionConfigurationPlatforms) = preSolution
		Debug|Any CPU = Debug|Any CPU
		Release|Any CPU = Release|Any CPU
	EndGlobalSection
	GlobalSection(ProjectConfigurationPlatforms) = postSolution
		{8F32BB65-C293-423A-B4AB-38C72CE884A4}.Debug|Any CPU.ActiveCfg = Debug|Any CPU
		{8F32BB65-C293-423A-B4AB-38C72CE884A4}.Debug|Any CPU.Build.0 = Debug|Any CPU
		{8F32BB65-C293-423A-B4AB-38C72CE884A4}.Release|Any CPU.ActiveCfg = Release|Any CPU
		{8F32BB65-C293-423A-B4AB-38C72CE884A4}.Release|Any CPU.Build.0 = Release|Any CPU
	EndGlobalSection
	GlobalSection(SolutionProperties) = preSolution
		HideSolutionNode = FALSE
	EndGlobalSection
	GlobalSection(ExtensibilityGlobals) = postSolution
		SolutionGuid = {C0F4FDAE-4956-47AF-B971-49F593A53CA9}
	EndGlobalSection
EndGlobal
