
Microsoft Visual Studio Solution File, Format Version 12.00
# Visual Studio Version 17
VisualStudioVersion = 17.4.33403.182
MinimumVisualStudioVersion = 10.0.40219.1
Project("{FAE04EC0-301F-11D3-BF4B-00C04F79EFBC}") = "AccountPloymorphsimApp", "AccountPloymorphsimApp\AccountPloymorphsimApp.csproj", "{145B657F-4A7D-4C59-AC07-0460C50228A3}"
EndProject
Global
	GlobalSection(SolutionConfigurationPlatforms) = preSolution
		Debug|Any CPU = Debug|Any CPU
		Release|Any CPU = Release|Any CPU
	EndGlobalSection
	GlobalSection(ProjectConfigurationPlatforms) = postSolution
		{145B657F-4A7D-4C59-AC07-0460C50228A3}.Debug|Any CPU.ActiveCfg = Debug|Any CPU
		{145B657F-4A7D-4C59-AC07-0460C50228A3}.Debug|Any CPU.Build.0 = Debug|Any CPU
		{145B657F-4A7D-4C59-AC07-0460C50228A3}.Release|Any CPU.ActiveCfg = Release|Any CPU
		{145B657F-4A7D-4C59-AC07-0460C50228A3}.Release|Any CPU.Build.0 = Release|Any CPU
	EndGlobalSection
	GlobalSection(SolutionProperties) = preSolution
		HideSolutionNode = FALSE
	EndGlobalSection
	GlobalSection(ExtensibilityGlobals) = postSolution
		SolutionGuid = {2A9751F9-2FDC-4041-908C-FE5D6BB7B102}
	EndGlobalSection
EndGlobal
