
Microsoft Visual Studio Solution File, Format Version 12.00
# Visual Studio Version 17
VisualStudioVersion = 17.5.33516.290
MinimumVisualStudioVersion = 10.0.40219.1
Project("{FAE04EC0-301F-11D3-BF4B-00C04F79EFBC}") = "CalculatorEventApp", "CalculatorEventApp.csproj", "{B7BEC131-8439-419C-B8B3-1D8A0B834C29}"
EndProject
Global
	GlobalSection(SolutionConfigurationPlatforms) = preSolution
		Debug|Any CPU = Debug|Any CPU
		Release|Any CPU = Release|Any CPU
	EndGlobalSection
	GlobalSection(ProjectConfigurationPlatforms) = postSolution
		{B7BEC131-8439-419C-B8B3-1D8A0B834C29}.Debug|Any CPU.ActiveCfg = Debug|Any CPU
		{B7BEC131-8439-419C-B8B3-1D8A0B834C29}.Debug|Any CPU.Build.0 = Debug|Any CPU
		{B7BEC131-8439-419C-B8B3-1D8A0B834C29}.Release|Any CPU.ActiveCfg = Release|Any CPU
		{B7BEC131-8439-419C-B8B3-1D8A0B834C29}.Release|Any CPU.Build.0 = Release|Any CPU
	EndGlobalSection
	GlobalSection(SolutionProperties) = preSolution
		HideSolutionNode = FALSE
	EndGlobalSection
	GlobalSection(ExtensibilityGlobals) = postSolution
		SolutionGuid = {275461A4-0986-4A8B-B147-AB859C3D9F83}
	EndGlobalSection
EndGlobal
