
Microsoft Visual Studio Solution File, Format Version 12.00
# Visual Studio Version 17
VisualStudioVersion = 17.4.33403.182
MinimumVisualStudioVersion = 10.0.40219.1
Project("{FAE04EC0-301F-11D3-BF4B-00C04F79EFBC}") = "CustomerApp", "CustomerApp\CustomerApp.csproj", "{7B3A7F1A-4AE1-4C58-A249-BCB6EB497A0A}"
EndProject
Global
	GlobalSection(SolutionConfigurationPlatforms) = preSolution
		Debug|Any CPU = Debug|Any CPU
		Release|Any CPU = Release|Any CPU
	EndGlobalSection
	GlobalSection(ProjectConfigurationPlatforms) = postSolution
		{7B3A7F1A-4AE1-4C58-A249-BCB6EB497A0A}.Debug|Any CPU.ActiveCfg = Debug|Any CPU
		{7B3A7F1A-4AE1-4C58-A249-BCB6EB497A0A}.Debug|Any CPU.Build.0 = Debug|Any CPU
		{7B3A7F1A-4AE1-4C58-A249-BCB6EB497A0A}.Release|Any CPU.ActiveCfg = Release|Any CPU
		{7B3A7F1A-4AE1-4C58-A249-BCB6EB497A0A}.Release|Any CPU.Build.0 = Release|Any CPU
	EndGlobalSection
	GlobalSection(SolutionProperties) = preSolution
		HideSolutionNode = FALSE
	EndGlobalSection
	GlobalSection(ExtensibilityGlobals) = postSolution
		SolutionGuid = {8E888BFC-C7B0-41D5-8821-62A7B4BDCA9B}
	EndGlobalSection
EndGlobal
