
Microsoft Visual Studio Solution File, Format Version 12.00
# Visual Studio Version 17
VisualStudioVersion = 17.4.33403.182
MinimumVisualStudioVersion = 10.0.40219.1
Project("{FAE04EC0-301F-11D3-BF4B-00C04F79EFBC}") = "ExceptionsPropagationApp", "ExceptionsPropagationApp\ExceptionsPropagationApp.csproj", "{D65A16B1-0E9C-4359-8FB2-309CC81F8771}"
EndProject
Global
	GlobalSection(SolutionConfigurationPlatforms) = preSolution
		Debug|Any CPU = Debug|Any CPU
		Release|Any CPU = Release|Any CPU
	EndGlobalSection
	GlobalSection(ProjectConfigurationPlatforms) = postSolution
		{D65A16B1-0E9C-4359-8FB2-309CC81F8771}.Debug|Any CPU.ActiveCfg = Debug|Any CPU
		{D65A16B1-0E9C-4359-8FB2-309CC81F8771}.Debug|Any CPU.Build.0 = Debug|Any CPU
		{D65A16B1-0E9C-4359-8FB2-309CC81F8771}.Release|Any CPU.ActiveCfg = Release|Any CPU
		{D65A16B1-0E9C-4359-8FB2-309CC81F8771}.Release|Any CPU.Build.0 = Release|Any CPU
	EndGlobalSection
	GlobalSection(SolutionProperties) = preSolution
		HideSolutionNode = FALSE
	EndGlobalSection
	GlobalSection(ExtensibilityGlobals) = postSolution
		SolutionGuid = {A8944765-67EE-4336-A430-9CF12E74440B}
	EndGlobalSection
EndGlobal
